
Microsoft Visual Studio Solution File, Format Version 12.00
# Visual Studio 15
VisualStudioVersion = 15.0.28307.136
MinimumVisualStudioVersion = 10.0.40219.1
Project("{9A19103F-16F7-4668-BE54-9A1E7A4F7556}") = "OneZero", "OneZero\OneZero.csproj", "{480090D1-EF97-422C-98FB-BB0676FD8E2D}"
EndProject
Project("{9A19103F-16F7-4668-BE54-9A1E7A4F7556}") = "OneZero.EntityFrameworkCore.SqlServer", "OneZero.EntityFrameworkCore.SqlServer\OneZero.EntityFrameworkCore.SqlServer.csproj", "{27831A6B-16BB-4E9B-8074-A3742637E82E}"
EndProject
Project("{9A19103F-16F7-4668-BE54-9A1E7A4F7556}") = "OneZero.AspNetCore", "OneZero.AspNetCore\OneZero.AspNetCore.csproj", "{2B7D216A-376A-4D67-B3F3-50A26B3701DC}"
EndProject
Project("{9A19103F-16F7-4668-BE54-9A1E7A4F7556}") = "SouthStar.VehSch.Core", "SouthStar.Vehsch.Core\SouthStar.VehSch.Core.csproj", "{CCE72CD1-3D34-4014-A688-D199461FD3B1}"
EndProject
Project("{9A19103F-16F7-4668-BE54-9A1E7A4F7556}") = "SouthStar.VehSch.Api", "SouthStar.Vehsch.Api\SouthStar.VehSch.Api.csproj", "{2437F122-0332-43CD-B6B0-ED7576B82696}"
EndProject
Project("{9A19103F-16F7-4668-BE54-9A1E7A4F7556}") = "OneZero.Core", "OneZero.Core\OneZero.Core.csproj", "{8020CB61-C892-4EDF-AD03-D3FAC038DE6C}"
EndProject
Project("{9A19103F-16F7-4668-BE54-9A1E7A4F7556}") = "OneZero.EntityFrameworkCore", "OneZero.EntityFrameworkCore\OneZero.EntityFrameworkCore.csproj", "{3270A125-0D54-4FDA-BD38-B5AB1752627D}"
EndProject
Global
	GlobalSection(SolutionConfigurationPlatforms) = preSolution
		Debug|Any CPU = Debug|Any CPU
		Release|Any CPU = Release|Any CPU
	EndGlobalSection
	GlobalSection(ProjectConfigurationPlatforms) = postSolution
		{480090D1-EF97-422C-98FB-BB0676FD8E2D}.Debug|Any CPU.ActiveCfg = Debug|Any CPU
		{480090D1-EF97-422C-98FB-BB0676FD8E2D}.Debug|Any CPU.Build.0 = Debug|Any CPU
		{480090D1-EF97-422C-98FB-BB0676FD8E2D}.Release|Any CPU.ActiveCfg = Release|Any CPU
		{480090D1-EF97-422C-98FB-BB0676FD8E2D}.Release|Any CPU.Build.0 = Release|Any CPU
		{27831A6B-16BB-4E9B-8074-A3742637E82E}.Debug|Any CPU.ActiveCfg = Debug|Any CPU
		{27831A6B-16BB-4E9B-8074-A3742637E82E}.Debug|Any CPU.Build.0 = Debug|Any CPU
		{27831A6B-16BB-4E9B-8074-A3742637E82E}.Release|Any CPU.ActiveCfg = Release|Any CPU
		{27831A6B-16BB-4E9B-8074-A3742637E82E}.Release|Any CPU.Build.0 = Release|Any CPU
		{2B7D216A-376A-4D67-B3F3-50A26B3701DC}.Debug|Any CPU.ActiveCfg = Debug|Any CPU
		{2B7D216A-376A-4D67-B3F3-50A26B3701DC}.Debug|Any CPU.Build.0 = Debug|Any CPU
		{2B7D216A-376A-4D67-B3F3-50A26B3701DC}.Release|Any CPU.ActiveCfg = Release|Any CPU
		{2B7D216A-376A-4D67-B3F3-50A26B3701DC}.Release|Any CPU.Build.0 = Release|Any CPU
		{CCE72CD1-3D34-4014-A688-D199461FD3B1}.Debug|Any CPU.ActiveCfg = Debug|Any CPU
		{CCE72CD1-3D34-4014-A688-D199461FD3B1}.Debug|Any CPU.Build.0 = Debug|Any CPU
		{CCE72CD1-3D34-4014-A688-D199461FD3B1}.Release|Any CPU.ActiveCfg = Release|Any CPU
		{CCE72CD1-3D34-4014-A688-D199461FD3B1}.Release|Any CPU.Build.0 = Release|Any CPU
		{2437F122-0332-43CD-B6B0-ED7576B82696}.Debug|Any CPU.ActiveCfg = Debug|Any CPU
		{2437F122-0332-43CD-B6B0-ED7576B82696}.Debug|Any CPU.Build.0 = Debug|Any CPU
		{2437F122-0332-43CD-B6B0-ED7576B82696}.Release|Any CPU.ActiveCfg = Release|Any CPU
		{2437F122-0332-43CD-B6B0-ED7576B82696}.Release|Any CPU.Build.0 = Release|Any CPU
		{8020CB61-C892-4EDF-AD03-D3FAC038DE6C}.Debug|Any CPU.ActiveCfg = Debug|Any CPU
		{8020CB61-C892-4EDF-AD03-D3FAC038DE6C}.Debug|Any CPU.Build.0 = Debug|Any CPU
		{8020CB61-C892-4EDF-AD03-D3FAC038DE6C}.Release|Any CPU.ActiveCfg = Release|Any CPU
		{8020CB61-C892-4EDF-AD03-D3FAC038DE6C}.Release|Any CPU.Build.0 = Release|Any CPU
		{3270A125-0D54-4FDA-BD38-B5AB1752627D}.Debug|Any CPU.ActiveCfg = Debug|Any CPU
		{3270A125-0D54-4FDA-BD38-B5AB1752627D}.Debug|Any CPU.Build.0 = Debug|Any CPU
		{3270A125-0D54-4FDA-BD38-B5AB1752627D}.Release|Any CPU.ActiveCfg = Release|Any CPU
		{3270A125-0D54-4FDA-BD38-B5AB1752627D}.Release|Any CPU.Build.0 = Release|Any CPU
	EndGlobalSection
	GlobalSection(SolutionProperties) = preSolution
		HideSolutionNode = FALSE
	EndGlobalSection
	GlobalSection(ExtensibilityGlobals) = postSolution
		SolutionGuid = {3E0CA1A8-721B-4E95-97F3-A57C9D2C58C2}
	EndGlobalSection
EndGlobal
